
Microsoft Visual Studio Solution File, Format Version 12.00
# Visual Studio 15
VisualStudioVersion = 15.0.28307.106
MinimumVisualStudioVersion = 10.0.40219.1
Project("{FAE04EC0-301F-11D3-BF4B-00C04F79EFBC}") = "CtrPanel", "jiemian\CtrPanel.csproj", "{39A23608-BB0F-45DA-AC69-5E1B6F310F73}"
EndProject
Global
	GlobalSection(SolutionConfigurationPlatforms) = preSolution
		Debug|Any CPU = Debug|Any CPU
		Debug|x64 = Debug|x64
		Debug|x86 = Debug|x86
		Release|Any CPU = Release|Any CPU
		Release|x64 = Release|x64
		Release|x86 = Release|x86
	EndGlobalSection
	GlobalSection(ProjectConfigurationPlatforms) = postSolution
		{39A23608-BB0F-45DA-AC69-5E1B6F310F73}.Debug|Any CPU.ActiveCfg = Debug|Any CPU
		{39A23608-BB0F-45DA-AC69-5E1B6F310F73}.Debug|Any CPU.Build.0 = Debug|Any CPU
		{39A23608-BB0F-45DA-AC69-5E1B6F310F73}.Debug|x64.ActiveCfg = Debug|x64
		{39A23608-BB0F-45DA-AC69-5E1B6F310F73}.Debug|x64.Build.0 = Debug|x64
		{39A23608-BB0F-45DA-AC69-5E1B6F310F73}.Debug|x86.ActiveCfg = Debug|x86
		{39A23608-BB0F-45DA-AC69-5E1B6F310F73}.Debug|x86.Build.0 = Debug|x86
		{39A23608-BB0F-45DA-AC69-5E1B6F310F73}.Release|Any CPU.ActiveCfg = Release|Any CPU
		{39A23608-BB0F-45DA-AC69-5E1B6F310F73}.Release|Any CPU.Build.0 = Release|Any CPU
		{39A23608-BB0F-45DA-AC69-5E1B6F310F73}.Release|x64.ActiveCfg = Release|x64
		{39A23608-BB0F-45DA-AC69-5E1B6F310F73}.Release|x64.Build.0 = Release|x64
		{39A23608-BB0F-45DA-AC69-5E1B6F310F73}.Release|x86.ActiveCfg = Release|x86
		{39A23608-BB0F-45DA-AC69-5E1B6F310F73}.Release|x86.Build.0 = Release|x86
	EndGlobalSection
	GlobalSection(SolutionProperties) = preSolution
		HideSolutionNode = FALSE
	EndGlobalSection
	GlobalSection(ExtensibilityGlobals) = postSolution
		SolutionGuid = {9C674FA0-FBDC-4CE6-A479-A09E31D15423}
	EndGlobalSection
EndGlobal
